
Microsoft Visual Studio Solution File, Format Version 12.00
# Visual Studio 14
VisualStudioVersion = 14.0.23107.0
MinimumVisualStudioVersion = 10.0.40219.1
Project("{FAE04EC0-301F-11D3-BF4B-00C04F79EFBC}") = "WcfExceptions", "WcfExceptions\WcfExceptions.csproj", "{F63813A3-4154-439D-874D-235741680273}"
EndProject
Project("{FAE04EC0-301F-11D3-BF4B-00C04F79EFBC}") = "WindowsFormsApplication1", "WindowsFormsApplication1\WindowsFormsApplication1.csproj", "{2398E3F0-40BD-446B-8020-DE6BF04CEA8B}"
	ProjectSection(ProjectDependencies) = postProject
		{F63813A3-4154-439D-874D-235741680273} = {F63813A3-4154-439D-874D-235741680273}
	EndProjectSection
EndProject
Global
	GlobalSection(SolutionConfigurationPlatforms) = preSolution
		Debug|Any CPU = Debug|Any CPU
		Release|Any CPU = Release|Any CPU
	EndGlobalSection
	GlobalSection(ProjectConfigurationPlatforms) = postSolution
		{F63813A3-4154-439D-874D-235741680273}.Debug|Any CPU.ActiveCfg = Debug|Any CPU
		{F63813A3-4154-439D-874D-235741680273}.Debug|Any CPU.Build.0 = Debug|Any CPU
		{F63813A3-4154-439D-874D-235741680273}.Release|Any CPU.ActiveCfg = Release|Any CPU
		{F63813A3-4154-439D-874D-235741680273}.Release|Any CPU.Build.0 = Release|Any CPU
		{2398E3F0-40BD-446B-8020-DE6BF04CEA8B}.Debug|Any CPU.ActiveCfg = Debug|Any CPU
		{2398E3F0-40BD-446B-8020-DE6BF04CEA8B}.Debug|Any CPU.Build.0 = Debug|Any CPU
		{2398E3F0-40BD-446B-8020-DE6BF04CEA8B}.Release|Any CPU.ActiveCfg = Release|Any CPU
		{2398E3F0-40BD-446B-8020-DE6BF04CEA8B}.Release|Any CPU.Build.0 = Release|Any CPU
	EndGlobalSection
	GlobalSection(SolutionProperties) = preSolution
		HideSolutionNode = FALSE
	EndGlobalSection
EndGlobal
