
Microsoft Visual Studio Solution File, Format Version 12.00
# Visual Studio 15
VisualStudioVersion = 15.0.26730.12
MinimumVisualStudioVersion = 10.0.40219.1
Project("{FAE04EC0-301F-11D3-BF4B-00C04F79EFBC}") = "EmployeeService", "EmployeeService\EmployeeService.csproj", "{755D4F4D-6628-4C4F-AD60-6FAC3D8FD1C2}"
EndProject
Project("{FAE04EC0-301F-11D3-BF4B-00C04F79EFBC}") = "EmployeeAgencyApplication", "EmployeeAgencyApplication\EmployeeAgencyApplication.csproj", "{490CFFD0-9BAA-4403-AE9F-C2B402DB9CD5}"
	ProjectSection(ProjectDependencies) = postProject
		{755D4F4D-6628-4C4F-AD60-6FAC3D8FD1C2} = {755D4F4D-6628-4C4F-AD60-6FAC3D8FD1C2}
	EndProjectSection
EndProject
Global
	GlobalSection(SolutionConfigurationPlatforms) = preSolution
		Debug|Any CPU = Debug|Any CPU
		Release|Any CPU = Release|Any CPU
	EndGlobalSection
	GlobalSection(ProjectConfigurationPlatforms) = postSolution
		{755D4F4D-6628-4C4F-AD60-6FAC3D8FD1C2}.Debug|Any CPU.ActiveCfg = Debug|Any CPU
		{755D4F4D-6628-4C4F-AD60-6FAC3D8FD1C2}.Debug|Any CPU.Build.0 = Debug|Any CPU
		{755D4F4D-6628-4C4F-AD60-6FAC3D8FD1C2}.Release|Any CPU.ActiveCfg = Release|Any CPU
		{755D4F4D-6628-4C4F-AD60-6FAC3D8FD1C2}.Release|Any CPU.Build.0 = Release|Any CPU
		{490CFFD0-9BAA-4403-AE9F-C2B402DB9CD5}.Debug|Any CPU.ActiveCfg = Debug|Any CPU
		{490CFFD0-9BAA-4403-AE9F-C2B402DB9CD5}.Debug|Any CPU.Build.0 = Debug|Any CPU
		{490CFFD0-9BAA-4403-AE9F-C2B402DB9CD5}.Release|Any CPU.ActiveCfg = Release|Any CPU
		{490CFFD0-9BAA-4403-AE9F-C2B402DB9CD5}.Release|Any CPU.Build.0 = Release|Any CPU
	EndGlobalSection
	GlobalSection(SolutionProperties) = preSolution
		HideSolutionNode = FALSE
	EndGlobalSection
	GlobalSection(ExtensibilityGlobals) = postSolution
		SolutionGuid = {1FC128E2-F025-466A-9442-5A6CBA502D76}
	EndGlobalSection
EndGlobal
