
Microsoft Visual Studio Solution File, Format Version 12.00
# Visual Studio 2012
Project("{FAE04EC0-301F-11D3-BF4B-00C04F79EFBC}") = "ChatBackend", "ChatBackend\ChatBackend.csproj", "{81CB6F7C-7494-4DA8-8B0B-6C4A875DC975}"
EndProject
Project("{FAE04EC0-301F-11D3-BF4B-00C04F79EFBC}") = "ChatGUI", "ChatGUI\ChatGUI.csproj", "{1FC472CD-1E68-405A-9E5B-B2B06801A7FC}"
EndProject
Project("{2150E333-8FDC-42A3-9474-1A3956D46DE8}") = "Solution Items", "Solution Items", "{965369DD-1BC6-4192-88C0-AA5DA7DD512A}"
	ProjectSection(SolutionItems) = preProject
		readme.txt = readme.txt
	EndProjectSection
EndProject
Global
	GlobalSection(TeamFoundationVersionControl) = preSolution
		SccNumberOfProjects = 3
		SccEnterpriseProvider = {4CA58AB2-18FA-4F8D-95D4-32DDF27D184C}
		SccTeamFoundationServer = https://maxchv.visualstudio.com/defaultcollection
		SccLocalPath0 = .
		SccProjectUniqueName1 = ChatBackend\\ChatBackend.csproj
		SccProjectName1 = ChatBackend
		SccLocalPath1 = ChatBackend
		SccProjectUniqueName2 = ChatGUI\\ChatGUI.csproj
		SccProjectName2 = ChatGUI
		SccLocalPath2 = ChatGUI
	EndGlobalSection
	GlobalSection(SolutionConfigurationPlatforms) = preSolution
		Debug|Any CPU = Debug|Any CPU
		Release|Any CPU = Release|Any CPU
	EndGlobalSection
	GlobalSection(ProjectConfigurationPlatforms) = postSolution
		{81CB6F7C-7494-4DA8-8B0B-6C4A875DC975}.Debug|Any CPU.ActiveCfg = Debug|Any CPU
		{81CB6F7C-7494-4DA8-8B0B-6C4A875DC975}.Debug|Any CPU.Build.0 = Debug|Any CPU
		{81CB6F7C-7494-4DA8-8B0B-6C4A875DC975}.Release|Any CPU.ActiveCfg = Release|Any CPU
		{81CB6F7C-7494-4DA8-8B0B-6C4A875DC975}.Release|Any CPU.Build.0 = Release|Any CPU
		{1FC472CD-1E68-405A-9E5B-B2B06801A7FC}.Debug|Any CPU.ActiveCfg = Debug|Any CPU
		{1FC472CD-1E68-405A-9E5B-B2B06801A7FC}.Debug|Any CPU.Build.0 = Debug|Any CPU
		{1FC472CD-1E68-405A-9E5B-B2B06801A7FC}.Release|Any CPU.ActiveCfg = Release|Any CPU
		{1FC472CD-1E68-405A-9E5B-B2B06801A7FC}.Release|Any CPU.Build.0 = Release|Any CPU
	EndGlobalSection
	GlobalSection(SolutionProperties) = preSolution
		HideSolutionNode = FALSE
	EndGlobalSection
EndGlobal
